
Microsoft Visual Studio Solution File, Format Version 12.00
# Visual Studio Version 16
VisualStudioVersion = 16.0.31911.196
MinimumVisualStudioVersion = 10.0.40219.1
Project("{FAE04EC0-301F-11D3-BF4B-00C04F79EFBC}") = "Amor_na_Pele_Squad09_Entrega02", "Amor_na_Pele_Squad09_Entrega02.csproj", "{B4C2B959-2A2D-441C-BEC9-59D7F345C660}"
EndProject
Global
	GlobalSection(SolutionConfigurationPlatforms) = preSolution
		Debug|Any CPU = Debug|Any CPU
		Release|Any CPU = Release|Any CPU
	EndGlobalSection
	GlobalSection(ProjectConfigurationPlatforms) = postSolution
		{B4C2B959-2A2D-441C-BEC9-59D7F345C660}.Debug|Any CPU.ActiveCfg = Debug|Any CPU
		{B4C2B959-2A2D-441C-BEC9-59D7F345C660}.Debug|Any CPU.Build.0 = Debug|Any CPU
		{B4C2B959-2A2D-441C-BEC9-59D7F345C660}.Release|Any CPU.ActiveCfg = Release|Any CPU
		{B4C2B959-2A2D-441C-BEC9-59D7F345C660}.Release|Any CPU.Build.0 = Release|Any CPU
	EndGlobalSection
	GlobalSection(SolutionProperties) = preSolution
		HideSolutionNode = FALSE
	EndGlobalSection
	GlobalSection(ExtensibilityGlobals) = postSolution
		SolutionGuid = {DED9B3AF-EECD-4CB5-BF1F-64EF941B1471}
	EndGlobalSection
EndGlobal
